
Microsoft Visual Studio Solution File, Format Version 12.00
# Visual Studio Version 17
VisualStudioVersion = 17.4.33122.133
MinimumVisualStudioVersion = 10.0.40219.1
Project("{FAE04EC0-301F-11D3-BF4B-00C04F79EFBC}") = "BasicProgramming", "BasicProgramming\BasicProgramming.csproj", "{016E5BA1-DAFC-498F-88E1-40AA2818544D}"
EndProject
Global
	GlobalSection(SolutionConfigurationPlatforms) = preSolution
		Debug|Any CPU = Debug|Any CPU
		Release|Any CPU = Release|Any CPU
	EndGlobalSection
	GlobalSection(ProjectConfigurationPlatforms) = postSolution
		{016E5BA1-DAFC-498F-88E1-40AA2818544D}.Debug|Any CPU.ActiveCfg = Debug|Any CPU
		{016E5BA1-DAFC-498F-88E1-40AA2818544D}.Debug|Any CPU.Build.0 = Debug|Any CPU
		{016E5BA1-DAFC-498F-88E1-40AA2818544D}.Release|Any CPU.ActiveCfg = Release|Any CPU
		{016E5BA1-DAFC-498F-88E1-40AA2818544D}.Release|Any CPU.Build.0 = Release|Any CPU
	EndGlobalSection
	GlobalSection(SolutionProperties) = preSolution
		HideSolutionNode = FALSE
	EndGlobalSection
	GlobalSection(ExtensibilityGlobals) = postSolution
		SolutionGuid = {9072C786-B89F-4576-ACE0-7A63B2E65499}
	EndGlobalSection
EndGlobal
